// !$*UTF8*$!
{
	archiveVersion = 1;
	classes = {
	};
	objectVersion = 46;
	objects = {

/* Begin PBXBuildFile section */
		0A2C0F46E506E6E0D79ED490 /* MermaidConfiguration.swift in Sources */ = {isa = PBXBuildFile; fileRef = 16E5CD0A225AAEF73C2D03E7 /* MermaidConfiguration.swift */; };
		296C8B3AC26F33014B5C9CB4 /* StudioStores.swift in Sources */ = {isa = PBXBuildFile; fileRef = BB197AE97E0D383BC24B96C6 /* StudioStores.swift */; };
		2F6BEC43251C7E754F0A48EA /* index.html in Resources */ = {isa = PBXBuildFile; fileRef = BA9B197859417D13CB50F894 /* index.html */; };
		2FFCFBFC3D55F78AAEAEE21B /* ContentView.swift in Sources */ = {isa = PBXBuildFile; fileRef = 28A60C36157EEE6C8A0E13A4 /* ContentView.swift */; };
		3928900793D04E39C073A546 /* StudioModels.swift in Sources */ = {isa = PBXBuildFile; fileRef = 3DAA583FE55FB9A578F6B766 /* StudioModels.swift */; };
		49A4E2C8EA46CFAD1C42371C /* MermaidRenderer.swift in Sources */ = {isa = PBXBuildFile; fileRef = 7B370830A6CD31D605AD4147 /* MermaidRenderer.swift */; };
		648DC2B14241A2DD0447186F /* StudioViews.swift in Sources */ = {isa = PBXBuildFile; fileRef = AE7B8E329E092AE74470BB57 /* StudioViews.swift */; };
		8F018D961FB1CD7F3A6B616B /* MeriqApp.swift in Sources */ = {isa = PBXBuildFile; fileRef = 46C771A114AA629E0008B1FA /* MeriqApp.swift */; };
		B5B8C096BE534E13D5411359 /* StudioRepositories.swift in Sources */ = {isa = PBXBuildFile; fileRef = FFEA54B1AA557FAC2EA94CA9 /* StudioRepositories.swift */; };
		B6A17F66FDBB4B9D8B181D25 /* MermaidSourceEditing.swift in Sources */ = {isa = PBXBuildFile; fileRef = D3C6E3654A21641A929ECA65 /* MermaidSourceEditing.swift */; };
		CC2AF2161680D1378D874043 /* mermaid.min.js in Resources */ = {isa = PBXBuildFile; fileRef = 04CFF2D6D2EC9249EF0FD9DF /* mermaid.min.js */; };
		D48EE586B877E913D16BA55B /* Cocoa.framework in Frameworks */ = {isa = PBXBuildFile; fileRef = 67023FC902EB5FF08AA0A4EF /* Cocoa.framework */; };
		F22F00A7B4606055BF0FA169 /* MermaidRenderEngine.swift in Sources */ = {isa = PBXBuildFile; fileRef = 12DB573CC438E91AED971FE0 /* MermaidRenderEngine.swift */; };
		F68B33AD63A04AECFB67463E /* StudioPersistence.swift in Sources */ = {isa = PBXBuildFile; fileRef = 374F96CA25AB467711B078F3 /* StudioPersistence.swift */; };
		FDA296B86B830E10612FDBD5 /* Assets.xcassets in Resources */ = {isa = PBXBuildFile; fileRef = 233AE4C7BA9591690489D0E2 /* Assets.xcassets */; };
/* End PBXBuildFile section */

/* Begin PBXFileReference section */
		0099970D2DB02AD283556E9E /* Meriq.app */ = {isa = PBXFileReference; explicitFileType = wrapper.application; includeInIndex = 0; path = Meriq.app; sourceTree = BUILT_PRODUCTS_DIR; };
		04CFF2D6D2EC9249EF0FD9DF /* mermaid.min.js */ = {isa = PBXFileReference; includeInIndex = 1; path = mermaid.min.js; sourceTree = "<group>"; };
		12DB573CC438E91AED971FE0 /* MermaidRenderEngine.swift */ = {isa = PBXFileReference; includeInIndex = 1; lastKnownFileType = sourcecode.swift; path = MermaidRenderEngine.swift; sourceTree = "<group>"; };
		16E5CD0A225AAEF73C2D03E7 /* MermaidConfiguration.swift */ = {isa = PBXFileReference; includeInIndex = 1; lastKnownFileType = sourcecode.swift; path = MermaidConfiguration.swift; sourceTree = "<group>"; };
		233AE4C7BA9591690489D0E2 /* Assets.xcassets */ = {isa = PBXFileReference; includeInIndex = 1; lastKnownFileType = folder.assetcatalog; path = Assets.xcassets; sourceTree = "<group>"; };
		28A60C36157EEE6C8A0E13A4 /* ContentView.swift */ = {isa = PBXFileReference; includeInIndex = 1; lastKnownFileType = sourcecode.swift; path = ContentView.swift; sourceTree = "<group>"; };
		374F96CA25AB467711B078F3 /* StudioPersistence.swift */ = {isa = PBXFileReference; includeInIndex = 1; lastKnownFileType = sourcecode.swift; path = StudioPersistence.swift; sourceTree = "<group>"; };
		3DAA583FE55FB9A578F6B766 /* StudioModels.swift */ = {isa = PBXFileReference; includeInIndex = 1; lastKnownFileType = sourcecode.swift; path = StudioModels.swift; sourceTree = "<group>"; };
		46C771A114AA629E0008B1FA /* MeriqApp.swift */ = {isa = PBXFileReference; includeInIndex = 1; lastKnownFileType = sourcecode.swift; path = MeriqApp.swift; sourceTree = "<group>"; };
		67023FC902EB5FF08AA0A4EF /* Cocoa.framework */ = {isa = PBXFileReference; lastKnownFileType = wrapper.framework; name = Cocoa.framework; path = Platforms/MacOSX.platform/Developer/SDKs/MacOSX15.0.sdk/System/Library/Frameworks/Cocoa.framework; sourceTree = DEVELOPER_DIR; };
		7B370830A6CD31D605AD4147 /* MermaidRenderer.swift */ = {isa = PBXFileReference; includeInIndex = 1; lastKnownFileType = sourcecode.swift; path = MermaidRenderer.swift; sourceTree = "<group>"; };
		AE7B8E329E092AE74470BB57 /* StudioViews.swift */ = {isa = PBXFileReference; includeInIndex = 1; lastKnownFileType = sourcecode.swift; path = StudioViews.swift; sourceTree = "<group>"; };
		BA9B197859417D13CB50F894 /* index.html */ = {isa = PBXFileReference; includeInIndex = 1; path = index.html; sourceTree = "<group>"; };
		BB197AE97E0D383BC24B96C6 /* StudioStores.swift */ = {isa = PBXFileReference; includeInIndex = 1; lastKnownFileType = sourcecode.swift; path = StudioStores.swift; sourceTree = "<group>"; };
		D3C6E3654A21641A929ECA65 /* MermaidSourceEditing.swift */ = {isa = PBXFileReference; includeInIndex = 1; lastKnownFileType = sourcecode.swift; path = MermaidSourceEditing.swift; sourceTree = "<group>"; };
		FFEA54B1AA557FAC2EA94CA9 /* StudioRepositories.swift */ = {isa = PBXFileReference; includeInIndex = 1; lastKnownFileType = sourcecode.swift; path = StudioRepositories.swift; sourceTree = "<group>"; };
/* End PBXFileReference section */

/* Begin PBXFrameworksBuildPhase section */
		E738E269D43D940130CDDF33 /* Frameworks */ = {
			isa = PBXFrameworksBuildPhase;
			buildActionMask = 2147483647;
			files = (
				D48EE586B877E913D16BA55B /* Cocoa.framework in Frameworks */,
			);
			runOnlyForDeploymentPostprocessing = 0;
		};
/* End PBXFrameworksBuildPhase section */

/* Begin PBXGroup section */
		23BAA9940D05D7CBD79FA5B9 /* Resources */ = {
			isa = PBXGroup;
			children = (
				233AE4C7BA9591690489D0E2 /* Assets.xcassets */,
				BA9B197859417D13CB50F894 /* index.html */,
				04CFF2D6D2EC9249EF0FD9DF /* mermaid.min.js */,
			);
			name = Resources;
			path = Resources;
			sourceTree = "<group>";
		};
		4C5C27FF56F3853C22D7A300 /* Products */ = {
			isa = PBXGroup;
			children = (
				0099970D2DB02AD283556E9E /* Meriq.app */,
			);
			name = Products;
			sourceTree = "<group>";
		};
		6461F2F70F6151C092F143B9 /* Meriq */ = {
			isa = PBXGroup;
			children = (
				23BAA9940D05D7CBD79FA5B9 /* Resources */,
				28A60C36157EEE6C8A0E13A4 /* ContentView.swift */,
				46C771A114AA629E0008B1FA /* MeriqApp.swift */,
				16E5CD0A225AAEF73C2D03E7 /* MermaidConfiguration.swift */,
				12DB573CC438E91AED971FE0 /* MermaidRenderEngine.swift */,
				7B370830A6CD31D605AD4147 /* MermaidRenderer.swift */,
				D3C6E3654A21641A929ECA65 /* MermaidSourceEditing.swift */,
				3DAA583FE55FB9A578F6B766 /* StudioModels.swift */,
				374F96CA25AB467711B078F3 /* StudioPersistence.swift */,
				FFEA54B1AA557FAC2EA94CA9 /* StudioRepositories.swift */,
				BB197AE97E0D383BC24B96C6 /* StudioStores.swift */,
				AE7B8E329E092AE74470BB57 /* StudioViews.swift */,
			);
			name = Meriq;
			path = Sources/Meriq;
			sourceTree = "<group>";
		};
		89EB710A9A04B99D7D305B9E = {
			isa = PBXGroup;
			children = (
				4C5C27FF56F3853C22D7A300 /* Products */,
				A92E1F0167981C21F5B545E3 /* Frameworks */,
				6461F2F70F6151C092F143B9 /* Meriq */,
			);
			sourceTree = "<group>";
		};
		A92E1F0167981C21F5B545E3 /* Frameworks */ = {
			isa = PBXGroup;
			children = (
				E4AFEBE1CF7CB5A07952B9B3 /* OS X */,
			);
			name = Frameworks;
			sourceTree = "<group>";
		};
		E4AFEBE1CF7CB5A07952B9B3 /* OS X */ = {
			isa = PBXGroup;
			children = (
				67023FC902EB5FF08AA0A4EF /* Cocoa.framework */,
			);
			name = "OS X";
			sourceTree = "<group>";
		};
/* End PBXGroup section */

/* Begin PBXNativeTarget section */
		4F521F91F41F1F6C6B4516BA /* Meriq */ = {
			isa = PBXNativeTarget;
			buildConfigurationList = 2CFB22E13CD0A45786F216B9 /* Build configuration list for PBXNativeTarget "Meriq" */;
			buildPhases = (
				F39DD9E7FE94DB7E60C0562C /* Sources */,
				E738E269D43D940130CDDF33 /* Frameworks */,
				11B1454F8642F0CC3DB296D1 /* Resources */,
			);
			buildRules = (
			);
			dependencies = (
			);
			name = Meriq;
			productName = Meriq;
			productReference = 0099970D2DB02AD283556E9E /* Meriq.app */;
			productType = "com.apple.product-type.application";
		};
/* End PBXNativeTarget section */

/* Begin PBXProject section */
		6FEFCE67895BCB8EB0C1479B /* Project object */ = {
			isa = PBXProject;
			attributes = {
				LastSwiftUpdateCheck = 1600;
				LastUpgradeCheck = 2640;
				TargetAttributes = {
					4F521F91F41F1F6C6B4516BA = {
						CreatedOnToolsVersion = 26.4;
					};
				};
			};
			buildConfigurationList = C01FA5F572B8DE6FB4EE7CAD /* Build configuration list for PBXProject "Meriq" */;
			compatibilityVersion = "Xcode 3.2";
			developmentRegion = en;
			hasScannedForEncodings = 0;
			knownRegions = (
				en,
				Base,
			);
			mainGroup = 89EB710A9A04B99D7D305B9E;
			minimizedProjectReferenceProxies = 0;
			preferredProjectObjectVersion = 77;
			productRefGroup = 4C5C27FF56F3853C22D7A300 /* Products */;
			projectDirPath = "";
			projectRoot = "";
			targets = (
				4F521F91F41F1F6C6B4516BA /* Meriq */,
			);
		};
/* End PBXProject section */

/* Begin PBXResourcesBuildPhase section */
		11B1454F8642F0CC3DB296D1 /* Resources */ = {
			isa = PBXResourcesBuildPhase;
			buildActionMask = 2147483647;
			files = (
				FDA296B86B830E10612FDBD5 /* Assets.xcassets in Resources */,
				2F6BEC43251C7E754F0A48EA /* index.html in Resources */,
				CC2AF2161680D1378D874043 /* mermaid.min.js in Resources */,
			);
			runOnlyForDeploymentPostprocessing = 0;
		};
/* End PBXResourcesBuildPhase section */

/* Begin PBXSourcesBuildPhase section */
		F39DD9E7FE94DB7E60C0562C /* Sources */ = {
			isa = PBXSourcesBuildPhase;
			buildActionMask = 2147483647;
			files = (
				2FFCFBFC3D55F78AAEAEE21B /* ContentView.swift in Sources */,
				8F018D961FB1CD7F3A6B616B /* MeriqApp.swift in Sources */,
				0A2C0F46E506E6E0D79ED490 /* MermaidConfiguration.swift in Sources */,
				F22F00A7B4606055BF0FA169 /* MermaidRenderEngine.swift in Sources */,
				49A4E2C8EA46CFAD1C42371C /* MermaidRenderer.swift in Sources */,
				B6A17F66FDBB4B9D8B181D25 /* MermaidSourceEditing.swift in Sources */,
				3928900793D04E39C073A546 /* StudioModels.swift in Sources */,
				F68B33AD63A04AECFB67463E /* StudioPersistence.swift in Sources */,
				B5B8C096BE534E13D5411359 /* StudioRepositories.swift in Sources */,
				296C8B3AC26F33014B5C9CB4 /* StudioStores.swift in Sources */,
				648DC2B14241A2DD0447186F /* StudioViews.swift in Sources */,
			);
			runOnlyForDeploymentPostprocessing = 0;
		};
/* End PBXSourcesBuildPhase section */

/* Begin XCBuildConfiguration section */
		94354EF270BA2F1A658447BA /* Release */ = {
			isa = XCBuildConfiguration;
			buildSettings = {
				ASSETCATALOG_COMPILER_APPICON_NAME = AppIcon;
				ASSETCATALOG_COMPILER_GLOBAL_ACCENT_COLOR_NAME = AccentColor;
				CODE_SIGN_STYLE = Automatic;
				COMBINE_HIDPI_IMAGES = YES;
				CURRENT_PROJECT_VERSION = 1;
				ENABLE_HARDENED_RUNTIME = YES;
				GENERATE_INFOPLIST_FILE = YES;
				INFOPLIST_KEY_CFBundleDisplayName = Meriq;
				INFOPLIST_KEY_LSApplicationCategoryType = "public.app-category.developer-tools";
				INFOPLIST_KEY_NSHighResolutionCapable = YES;
				INFOPLIST_KEY_NSPrincipalClass = NSApplication;
				LD_RUNPATH_SEARCH_PATHS = "$(inherited) @executable_path/../Frameworks";
				MACOSX_DEPLOYMENT_TARGET = 14.0;
				MARKETING_VERSION = 1.0;
				PRODUCT_BUNDLE_IDENTIFIER = com.example.Meriq;
				PRODUCT_NAME = Meriq;
				SDKROOT = macosx;
				SWIFT_VERSION = 6.0;
			};
			name = Release;
		};
		D10C9F6AD8C6F032F52481A2 /* Debug */ = {
			isa = XCBuildConfiguration;
			buildSettings = {
				ASSETCATALOG_COMPILER_APPICON_NAME = AppIcon;
				ASSETCATALOG_COMPILER_GLOBAL_ACCENT_COLOR_NAME = AccentColor;
				CODE_SIGN_STYLE = Automatic;
				COMBINE_HIDPI_IMAGES = YES;
				CURRENT_PROJECT_VERSION = 1;
				GENERATE_INFOPLIST_FILE = YES;
				INFOPLIST_KEY_CFBundleDisplayName = Meriq;
				INFOPLIST_KEY_LSApplicationCategoryType = "public.app-category.developer-tools";
				INFOPLIST_KEY_NSHighResolutionCapable = YES;
				INFOPLIST_KEY_NSPrincipalClass = NSApplication;
				LD_RUNPATH_SEARCH_PATHS = "$(inherited) @executable_path/../Frameworks";
				MACOSX_DEPLOYMENT_TARGET = 14.0;
				MARKETING_VERSION = 1.0;
				PRODUCT_BUNDLE_IDENTIFIER = com.example.Meriq;
				PRODUCT_NAME = Meriq;
				SDKROOT = macosx;
				SWIFT_VERSION = 6.0;
			};
			name = Debug;
		};
		F52EBC31FF9712A075BBCDC5 /* Release */ = {
			isa = XCBuildConfiguration;
			buildSettings = {
				ALWAYS_SEARCH_USER_PATHS = NO;
				CLANG_ANALYZER_NONNULL = YES;
				CLANG_ANALYZER_NUMBER_OBJECT_CONVERSION = YES_AGGRESSIVE;
				CLANG_CXX_LANGUAGE_STANDARD = "gnu++14";
				CLANG_CXX_LIBRARY = "libc++";
				CLANG_ENABLE_MODULES = YES;
				CLANG_ENABLE_OBJC_ARC = YES;
				CLANG_ENABLE_OBJC_WEAK = YES;
				CLANG_WARN_BLOCK_CAPTURE_AUTORELEASING = YES;
				CLANG_WARN_BOOL_CONVERSION = YES;
				CLANG_WARN_COMMA = YES;
				CLANG_WARN_CONSTANT_CONVERSION = YES;
				CLANG_WARN_DEPRECATED_OBJC_IMPLEMENTATIONS = YES;
				CLANG_WARN_DIRECT_OBJC_ISA_USAGE = YES_ERROR;
				CLANG_WARN_DOCUMENTATION_COMMENTS = YES;
				CLANG_WARN_EMPTY_BODY = YES;
				CLANG_WARN_ENUM_CONVERSION = YES;
				CLANG_WARN_INFINITE_RECURSION = YES;
				CLANG_WARN_INT_CONVERSION = YES;
				CLANG_WARN_NON_LITERAL_NULL_CONVERSION = YES;
				CLANG_WARN_OBJC_IMPLICIT_RETAIN_SELF = YES;
				CLANG_WARN_OBJC_LITERAL_CONVERSION = YES;
				CLANG_WARN_OBJC_ROOT_CLASS = YES_ERROR;
				CLANG_WARN_QUOTED_INCLUDE_IN_FRAMEWORK_HEADER = YES;
				CLANG_WARN_RANGE_LOOP_ANALYSIS = YES;
				CLANG_WARN_STRICT_PROTOTYPES = YES;
				CLANG_WARN_SUSPICIOUS_MOVE = YES;
				CLANG_WARN_UNGUARDED_AVAILABILITY = YES_AGGRESSIVE;
				CLANG_WARN_UNREACHABLE_CODE = YES;
				CLANG_WARN__DUPLICATE_METHOD_MATCH = YES;
				COPY_PHASE_STRIP = NO;
				DEBUG_INFORMATION_FORMAT = "dwarf-with-dsym";
				ENABLE_NS_ASSERTIONS = NO;
				ENABLE_STRICT_OBJC_MSGSEND = YES;
				GCC_C_LANGUAGE_STANDARD = gnu11;
				GCC_NO_COMMON_BLOCKS = YES;
				GCC_WARN_64_TO_32_BIT_CONVERSION = YES;
				GCC_WARN_ABOUT_RETURN_TYPE = YES_ERROR;
				GCC_WARN_UNDECLARED_SELECTOR = YES;
				GCC_WARN_UNINITIALIZED_AUTOS = YES_AGGRESSIVE;
				GCC_WARN_UNUSED_FUNCTION = YES;
				GCC_WARN_UNUSED_VARIABLE = YES;
				MACOSX_DEPLOYMENT_TARGET = 14.0;
				MTL_ENABLE_DEBUG_INFO = NO;
				MTL_FAST_MATH = YES;
				PRODUCT_NAME = "$(TARGET_NAME)";
				SWIFT_COMPILATION_MODE = wholemodule;
				SWIFT_OPTIMIZATION_LEVEL = "-O";
				SWIFT_VERSION = 6.0;
			};
			name = Release;
		};
		FC412CAC09826E6720A85C11 /* Debug */ = {
			isa = XCBuildConfiguration;
			buildSettings = {
				ALWAYS_SEARCH_USER_PATHS = NO;
				CLANG_ANALYZER_NONNULL = YES;
				CLANG_ANALYZER_NUMBER_OBJECT_CONVERSION = YES_AGGRESSIVE;
				CLANG_CXX_LANGUAGE_STANDARD = "gnu++14";
				CLANG_CXX_LIBRARY = "libc++";
				CLANG_ENABLE_MODULES = YES;
				CLANG_ENABLE_OBJC_ARC = YES;
				CLANG_ENABLE_OBJC_WEAK = YES;
				CLANG_WARN_BLOCK_CAPTURE_AUTORELEASING = YES;
				CLANG_WARN_BOOL_CONVERSION = YES;
				CLANG_WARN_COMMA = YES;
				CLANG_WARN_CONSTANT_CONVERSION = YES;
				CLANG_WARN_DEPRECATED_OBJC_IMPLEMENTATIONS = YES;
				CLANG_WARN_DIRECT_OBJC_ISA_USAGE = YES_ERROR;
				CLANG_WARN_DOCUMENTATION_COMMENTS = YES;
				CLANG_WARN_EMPTY_BODY = YES;
				CLANG_WARN_ENUM_CONVERSION = YES;
				CLANG_WARN_INFINITE_RECURSION = YES;
				CLANG_WARN_INT_CONVERSION = YES;
				CLANG_WARN_NON_LITERAL_NULL_CONVERSION = YES;
				CLANG_WARN_OBJC_IMPLICIT_RETAIN_SELF = YES;
				CLANG_WARN_OBJC_LITERAL_CONVERSION = YES;
				CLANG_WARN_OBJC_ROOT_CLASS = YES_ERROR;
				CLANG_WARN_QUOTED_INCLUDE_IN_FRAMEWORK_HEADER = YES;
				CLANG_WARN_RANGE_LOOP_ANALYSIS = YES;
				CLANG_WARN_STRICT_PROTOTYPES = YES;
				CLANG_WARN_SUSPICIOUS_MOVE = YES;
				CLANG_WARN_UNGUARDED_AVAILABILITY = YES_AGGRESSIVE;
				CLANG_WARN_UNREACHABLE_CODE = YES;
				CLANG_WARN__DUPLICATE_METHOD_MATCH = YES;
				COPY_PHASE_STRIP = NO;
				DEBUG_INFORMATION_FORMAT = dwarf;
				ENABLE_STRICT_OBJC_MSGSEND = YES;
				ENABLE_TESTABILITY = YES;
				GCC_C_LANGUAGE_STANDARD = gnu11;
				GCC_DYNAMIC_NO_PIC = NO;
				GCC_NO_COMMON_BLOCKS = YES;
				GCC_OPTIMIZATION_LEVEL = 0;
				GCC_PREPROCESSOR_DEFINITIONS = (
					"DEBUG=1",
					"$(inherited)",
				);
				GCC_WARN_64_TO_32_BIT_CONVERSION = YES;
				GCC_WARN_ABOUT_RETURN_TYPE = YES_ERROR;
				GCC_WARN_UNDECLARED_SELECTOR = YES;
				GCC_WARN_UNINITIALIZED_AUTOS = YES_AGGRESSIVE;
				GCC_WARN_UNUSED_FUNCTION = YES;
				GCC_WARN_UNUSED_VARIABLE = YES;
				MACOSX_DEPLOYMENT_TARGET = 14.0;
				MTL_ENABLE_DEBUG_INFO = INCLUDE_SOURCE;
				MTL_FAST_MATH = YES;
				ONLY_ACTIVE_ARCH = YES;
				PRODUCT_NAME = "$(TARGET_NAME)";
				SWIFT_ACTIVE_COMPILATION_CONDITIONS = DEBUG;
				SWIFT_OPTIMIZATION_LEVEL = "-Onone";
				SWIFT_VERSION = 6.0;
			};
			name = Debug;
		};
/* End XCBuildConfiguration section */

/* Begin XCConfigurationList section */
		2CFB22E13CD0A45786F216B9 /* Build configuration list for PBXNativeTarget "Meriq" */ = {
			isa = XCConfigurationList;
			buildConfigurations = (
				94354EF270BA2F1A658447BA /* Release */,
				D10C9F6AD8C6F032F52481A2 /* Debug */,
			);
			defaultConfigurationIsVisible = 0;
			defaultConfigurationName = Release;
		};
		C01FA5F572B8DE6FB4EE7CAD /* Build configuration list for PBXProject "Meriq" */ = {
			isa = XCConfigurationList;
			buildConfigurations = (
				FC412CAC09826E6720A85C11 /* Debug */,
				F52EBC31FF9712A075BBCDC5 /* Release */,
			);
			defaultConfigurationIsVisible = 0;
			defaultConfigurationName = Release;
		};
/* End XCConfigurationList section */
	};
	rootObject = 6FEFCE67895BCB8EB0C1479B /* Project object */;
}
